hash: b6f61f760bf229bd2d9445fe71f311b6932a62a2d6b8a9292bdb56436b514194
updated: 2016-11-15T23:34:06.119140143-05:00
imports:
- name: github.com/astaxie/beego
  version: b635af5a8cd798ae9ede1adb6f9472fa87361168
  subpackages:
  - config
  - context
  - grace
  - logs
  - orm
  - session
  - toolbox
  - utils
- name: github.com/go-sql-driver/mysql
  version: 8f6c67f0228a4a6a962008d6c3d1e694e4532e71
- name: github.com/markbates/goth
  version: fe9a7e293372a2839c9e9eb3bbb48bb977f2cfa8
- name: github.com/mattn/go-sqlite3
  version: fba66eb11643069e747022997e9be3b502b2c6fb
- name: github.com/pmylund/go-cache
  version: 1881a9bccb818787f68c52bfba648c6cf34c34fa
- name: golang.org/x/net
  version: e57319ce2bbbdc638169d4756554fbaedc805399
  subpackages:
  - context
- name: menteslibres.net/gosexy/dig
  version: 8c84038322702f6214cc1403a74c33c86ad65f9a
- name: menteslibres.net/gosexy/to
  version: c20e083e31230b84ffa23c5d2fb0bc55f5292681
testImports: []
