hash: c90cf2f3f8bcc66a9c09bdcd9422b231319a7685bec16f86a1bde657fe78870c
updated: 2017-05-29T01:50:24.213772041-04:00
imports:
- name: github.com/astaxie/beego
  version: cab8458c1c4a5a3b4bf5192922be620e6dede15b
  subpackages:
  - config
  - context
  - context/param
  - grace
  - logs
  - orm
  - session
  - toolbox
  - utils
- name: github.com/go-sql-driver/mysql
  version: 382e13d099fcf5f5994290892ab258fbebbdc5e3
- name: github.com/golang/protobuf
  version: 9f174c986221c608fb5143bd623b6076a71feae3
  subpackages:
  - proto
- name: github.com/markbates/goth
  version: c04864b86001affde4fd368f960f698a27fb9d13
  subpackages:
  - providers/github
- name: github.com/mattn/go-sqlite3
  version: cf7286f069c3ef596efcc87781a4653a2e7607bd
- name: github.com/pmylund/go-cache
  version: 7ac151875ffb48b9f3ccce9ea20f020b0c1596c8
- name: github.com/satori/go.uuid
  version: 5bf94b69c6b68ee1b541973bb8e1144db23a194b
- name: golang.org/x/net
  version: 41bba8d80bbfab43231ffdf4c210037baae5f6a3
  subpackages:
  - context
- name: golang.org/x/oauth2
  version: f047394b6d14284165300fd82dad67edb3a4d7f6
  subpackages:
  - internal
- name: google.golang.org/appengine
  version: a2f4131514e563cedfdb6e7d267df9ad48591e93
  subpackages:
  - internal
  - internal/base
  - internal/datastore
  - internal/log
  - internal/remote_api
  - internal/urlfetch
  - urlfetch
- name: menteslibres.net/gosexy/dig
  version: 8c84038322702f6214cc1403a74c33c86ad65f9a
- name: menteslibres.net/gosexy/to
  version: c20e083e31230b84ffa23c5d2fb0bc55f5292681
testImports: []
