github.com/astaxie/beego v1.8.3 h1:6SwgDPBxYSs+E2cwIL7BzQn4nWgY8xwYE8wO6YpNa9k=
github.com/astaxie/beego v1.8.3/go.mod h1:0R4++1tUqERR0WYFWdfkcrsyoVBCG4DgpDGokT3yb+U=
github.com/davecgh/go-spew v1.1.0 h1:ZDRjVQ15GmhC3fiQ8ni8+OwkZQO4DARzQgrnXU1Liz8=
github.com/davecgh/go-spew v1.1.0/go.mod h1:J7Y8YcW2NihsgmVo/mv3lAwl/skON4iLHjSsI+c5H38=
github.com/go-sql-driver/mysql v0.0.0-20170512152933-382e13d099fc h1:yL0TBM3FftDroCjuoghrFxh05c02V5c+yqs+srVG0DM=
github.com/go-sql-driver/mysql v0.0.0-20170512152933-382e13d099fc/go.mod h1:zAC/RDZ24gD3HViQzih4MyKcchzm+sOG5ZlKdlhCg5w=
github.com/golang/protobuf v0.0.0-20170526165756-9f174c986221/go.mod h1:6lQm79b+lXiMfvg/cZm0SGofjICqVBUtrP5yJMmIC1U=
github.com/gosexy/dig v0.0.0-20180314222429-58395a757ac0 h1:b3cB6kcRmTNilNt2Wl/Rr62Qi06gIkhfaRTYAONwtdc=
github.com/gosexy/dig v0.0.0-20180314222429-58395a757ac0/go.mod h1:dJ1ZWlB4uaMuPmi4xtXGkFz3EoBnjH76iyHE1kZeRPQ=
github.com/gosexy/to v0.0.0-20141221203644-c20e083e3123 h1:6Q7VB4v0aEgIE6BtsbJhEH0KgFE0f+FHAxXePQp9Klc=
github.com/gosexy/to v0.0.0-20141221203644-c20e083e3123/go.mod h1:oQuuq9ZkoRpy+2mhINlY3ZrwgywR77yPXmFpP6vCr/w=
github.com/lib/pq v1.2.0 h1:LXpIM/LZ5xGFhOpXAQUIMM1HdyqzVYM13zNdjCEEcA0=
github.com/lib/pq v1.2.0/go.mod h1:5WUZQaWbwv1U+lTReE5YruASi9Al49XbQIvNi/34Woo=
github.com/markbates/goth v0.0.0-20170523145829-c04864b86001 h1:SngrX7zLCFo+DUiCd9I4WUHvp0DIs+jSn+kTy+xEf38=
github.com/markbates/goth v0.0.0-20170523145829-c04864b86001/go.mod h1:ERjpUjiHOcJUNTBjgUhpKzkay5qNGcMdjRHYOIpF5Uk=
github.com/mattn/go-sqlite3 v0.0.0-20170407154627-cf7286f069c3 h1:a/pBXmDboAJ2dwrZIDgQAEpeFKCYbrCh6Gz9OtJ9iHo=
github.com/mattn/go-sqlite3 v0.0.0-20170407154627-cf7286f069c3/go.mod h1:FPy6KqzDD04eiIsT53CuJW3U88zkxoIYsOqkbpncsNc=
github.com/pmezard/go-difflib v1.0.0 h1:4DBwDE0NGyQoBHbLQYPwSUPoCMWR5BEzIk/f1lZbAQM=
github.com/pmezard/go-difflib v1.0.0/go.mod h1:iKH77koFhYxTK1pcRnkKkqfTogsbg7gZNVY4sRDYZ/4=
github.com/pmylund/go-cache v0.0.0-20170418232947-7ac151875ffb h1:cuHYdSZ1pKUyWt/DIOgAcPRGSF28A7V7MjObb0VcFVI=
github.com/pmylund/go-cache v0.0.0-20170418232947-7ac151875ffb/go.mod h1:hmz95dGvINpbRZGsqPcd7B5xXY5+EKb5PpGhQY3NTHk=
github.com/robxu9/zombie-kahinah v0.0.0-20170612023957-e9593d08e0cc h1:bROfkYz8PLB4LpgGvH/caRxo2i5QLwMKHFgSMHpTYw8=
github.com/robxu9/zombie-kahinah v0.0.0-20170612023957-e9593d08e0cc/go.mod h1:XV/l78WqwU4hhSPDHzlsO2dmURgAsWgc82T4bcHlYL0=
github.com/satori/go.uuid v0.0.0-20170321230731-5bf94b69c6b6 h1:7PFDlUz5/yGp8w21PuZGgEfN7ZF7OXvgAIDjwih82Gs=
github.com/satori/go.uuid v0.0.0-20170321230731-5bf94b69c6b6/go.mod h1:dA0hQrYB0VpLJoorglMZABFdXlWrHn1NEOzdhQKdks0=
github.com/stretchr/objx v0.1.0/go.mod h1:HFkY916IF+rwdDfMAkV7OtwuqBVzrE8GR6GFx+wExME=
github.com/stretchr/testify v1.3.0 h1:TivCn/peBQ7UY8ooIcPgZFpTNSz0Q2U6UrFlUfqbe0Q=
github.com/stretchr/testify v1.3.0/go.mod h1:M5WIy9Dh21IEIfnGCwXGc5bZfKNJtfHm1UVUgZn+9EI=
golang.org/x/net v0.0.0-20170203232347-41bba8d80bbf h1:oL8w84ASQcsAWAKCxid6mQY7Z12bwp7dQr8Zb2Mgr04=
golang.org/x/net v0.0.0-20170203232347-41bba8d80bbf/go.mod h1:mL1N/T3taQHkDXs73rZJwtUhF3w3ftmwwsq0BUmARs4=
golang.org/x/oauth2 v0.0.0-20170517174439-f047394b6d14 h1:5fvqvN1Glau4dT9f9CReJ/5DQdgl50EfDOzX7jBecZg=
golang.org/x/oauth2 v0.0.0-20170517174439-f047394b6d14/go.mod h1:N/0e6XlmueqKjAGxoOufVs8QHGRruUQn6yWY3a++T0U=
google.golang.org/appengine v0.0.0-20170522224838-a2f4131514e5/go.mod h1:EbEs0AVv82hx2wNQdGPgUI5lhzA/G0D9YwlJXL52JkM=
